// !$*UTF8*$!
{
	archiveVersion = 1;
	classes = {
	};
	objectVersion = 56;
	objects = {

/* Begin PBXBuildFile section */
		AB5D978F2C15F3D40017A627 /* cmsf_insaf_prodApp.swift in Sources */ = {isa = PBXBuildFile; fileRef = AB5D978E2C15F3D40017A627 /* cmsf_insaf_prodApp.swift */; };
		AB5D97912C15F3D40017A627 /* ContentView.swift in Sources */ = {isa = PBXBuildFile; fileRef = AB5D97902C15F3D40017A627 /* ContentView.swift */; };
		AB5D97932C15F3D60017A627 /* Assets.xcassets in Resources */ = {isa = PBXBuildFile; fileRef = AB5D97922C15F3D60017A627 /* Assets.xcassets */; };
		AB5D97962C15F3D60017A627 /* Preview Assets.xcassets in Resources */ = {isa = PBXBuildFile; fileRef = AB5D97952C15F3D60017A627 /* Preview Assets.xcassets */; };
		AB5D97A02C15F3D60017A627 /* cmsf_insaf_prodTests.swift in Sources */ = {isa = PBXBuildFile; fileRef = AB5D979F2C15F3D60017A627 /* cmsf_insaf_prodTests.swift */; };
		AB5D97AA2C15F3D60017A627 /* cmsf_insaf_prodUITests.swift in Sources */ = {isa = PBXBuildFile; fileRef = AB5D97A92C15F3D60017A627 /* cmsf_insaf_prodUITests.swift */; };
		AB5D97AC2C15F3D60017A627 /* cmsf_insaf_prodUITestsLaunchTests.swift in Sources */ = {isa = PBXBuildFile; fileRef = AB5D97AB2C15F3D60017A627 /* cmsf_insaf_prodUITestsLaunchTests.swift */; };
/* End PBXBuildFile section */

/* Begin PBXContainerItemProxy section */
		AB5D979C2C15F3D60017A627 /* PBXContainerItemProxy */ = {
			isa = PBXContainerItemProxy;
			containerPortal = AB5D97832C15F3D40017A627 /* Project object */;
			proxyType = 1;
			remoteGlobalIDString = AB5D978A2C15F3D40017A627;
			remoteInfo = cmsf.insaf.prod;
		};
		AB5D97A62C15F3D60017A627 /* PBXContainerItemProxy */ = {
			isa = PBXContainerItemProxy;
			containerPortal = AB5D97832C15F3D40017A627 /* Project object */;
			proxyType = 1;
			remoteGlobalIDString = AB5D978A2C15F3D40017A627;
			remoteInfo = cmsf.insaf.prod;
		};
/* End PBXContainerItemProxy section */

/* Begin PBXFileReference section */
		AB2D78B42C16021600CE22E3 /* cmsf.insaf.prod.entitlements */ = {isa = PBXFileReference; lastKnownFileType = text.plist.entitlements; path = cmsf.insaf.prod.entitlements; sourceTree = "<group>"; };
		AB5D978B2C15F3D40017A627 /* cmsf.insaf.prod.app */ = {isa = PBXFileReference; explicitFileType = wrapper.application; includeInIndex = 0; path = cmsf.insaf.prod.app; sourceTree = BUILT_PRODUCTS_DIR; };
		AB5D978E2C15F3D40017A627 /* cmsf_insaf_prodApp.swift */ = {isa = PBXFileReference; lastKnownFileType = sourcecode.swift; path = cmsf_insaf_prodApp.swift; sourceTree = "<group>"; };
		AB5D97902C15F3D40017A627 /* ContentView.swift */ = {isa = PBXFileReference; lastKnownFileType = sourcecode.swift; path = ContentView.swift; sourceTree = "<group>"; };
		AB5D97922C15F3D60017A627 /* Assets.xcassets */ = {isa = PBXFileReference; lastKnownFileType = folder.assetcatalog; path = Assets.xcassets; sourceTree = "<group>"; };
		AB5D97952C15F3D60017A627 /* Preview Assets.xcassets */ = {isa = PBXFileReference; lastKnownFileType = folder.assetcatalog; path = "Preview Assets.xcassets"; sourceTree = "<group>"; };
		AB5D979B2C15F3D60017A627 /* cmsf.insaf.prodTests.xctest */ = {isa = PBXFileReference; explicitFileType = wrapper.cfbundle; includeInIndex = 0; path = cmsf.insaf.prodTests.xctest; sourceTree = BUILT_PRODUCTS_DIR; };
		AB5D979F2C15F3D60017A627 /* cmsf_insaf_prodTests.swift */ = {isa = PBXFileReference; lastKnownFileType = sourcecode.swift; path = cmsf_insaf_prodTests.swift; sourceTree = "<group>"; };
		AB5D97A52C15F3D60017A627 /* cmsf.insaf.prodUITests.xctest */ = {isa = PBXFileReference; explicitFileType = wrapper.cfbundle; includeInIndex = 0; path = cmsf.insaf.prodUITests.xctest; sourceTree = BUILT_PRODUCTS_DIR; };
		AB5D97A92C15F3D60017A627 /* cmsf_insaf_prodUITests.swift */ = {isa = PBXFileReference; lastKnownFileType = sourcecode.swift; path = cmsf_insaf_prodUITests.swift; sourceTree = "<group>"; };
		AB5D97AB2C15F3D60017A627 /* cmsf_insaf_prodUITestsLaunchTests.swift */ = {isa = PBXFileReference; lastKnownFileType = sourcecode.swift; path = cmsf_insaf_prodUITestsLaunchTests.swift; sourceTree = "<group>"; };
/* End PBXFileReference section */

/* Begin PBXFrameworksBuildPhase section */
		AB5D97882C15F3D40017A627 /* Frameworks */ = {
			isa = PBXFrameworksBuildPhase;
			buildActionMask = 2147483647;
			files = (
			);
			runOnlyForDeploymentPostprocessing = 0;
		};
		AB5D97982C15F3D60017A627 /* Frameworks */ = {
			isa = PBXFrameworksBuildPhase;
			buildActionMask = 2147483647;
			files = (
			);
			runOnlyForDeploymentPostprocessing = 0;
		};
		AB5D97A22C15F3D60017A627 /* Frameworks */ = {
			isa = PBXFrameworksBuildPhase;
			buildActionMask = 2147483647;
			files = (
			);
			runOnlyForDeploymentPostprocessing = 0;
		};
/* End PBXFrameworksBuildPhase section */

/* Begin PBXGroup section */
		AB5D97822C15F3D40017A627 = {
			isa = PBXGroup;
			children = (
				AB5D978D2C15F3D40017A627 /* cmsf.insaf.prod */,
				AB5D979E2C15F3D60017A627 /* cmsf.insaf.prodTests */,
				AB5D97A82C15F3D60017A627 /* cmsf.insaf.prodUITests */,
				AB5D978C2C15F3D40017A627 /* Products */,
			);
			sourceTree = "<group>";
		};
		AB5D978C2C15F3D40017A627 /* Products */ = {
			isa = PBXGroup;
			children = (
				AB5D978B2C15F3D40017A627 /* cmsf.insaf.prod.app */,
				AB5D979B2C15F3D60017A627 /* cmsf.insaf.prodTests.xctest */,
				AB5D97A52C15F3D60017A627 /* cmsf.insaf.prodUITests.xctest */,
			);
			name = Products;
			sourceTree = "<group>";
		};
		AB5D978D2C15F3D40017A627 /* cmsf.insaf.prod */ = {
			isa = PBXGroup;
			children = (
				AB2D78B42C16021600CE22E3 /* cmsf.insaf.prod.entitlements */,
				AB5D978E2C15F3D40017A627 /* cmsf_insaf_prodApp.swift */,
				AB5D97902C15F3D40017A627 /* ContentView.swift */,
				AB5D97922C15F3D60017A627 /* Assets.xcassets */,
				AB5D97942C15F3D60017A627 /* Preview Content */,
			);
			path = cmsf.insaf.prod;
			sourceTree = "<group>";
		};
		AB5D97942C15F3D60017A627 /* Preview Content */ = {
			isa = PBXGroup;
			children = (
				AB5D97952C15F3D60017A627 /* Preview Assets.xcassets */,
			);
			path = "Preview Content";
			sourceTree = "<group>";
		};
		AB5D979E2C15F3D60017A627 /* cmsf.insaf.prodTests */ = {
			isa = PBXGroup;
			children = (
				AB5D979F2C15F3D60017A627 /* cmsf_insaf_prodTests.swift */,
			);
			path = cmsf.insaf.prodTests;
			sourceTree = "<group>";
		};
		AB5D97A82C15F3D60017A627 /* cmsf.insaf.prodUITests */ = {
			isa = PBXGroup;
			children = (
				AB5D97A92C15F3D60017A627 /* cmsf_insaf_prodUITests.swift */,
				AB5D97AB2C15F3D60017A627 /* cmsf_insaf_prodUITestsLaunchTests.swift */,
			);
			path = cmsf.insaf.prodUITests;
			sourceTree = "<group>";
		};
/* End PBXGroup section */

/* Begin PBXNativeTarget section */
		AB5D978A2C15F3D40017A627 /* cmsf.insaf.prod */ = {
			isa = PBXNativeTarget;
			buildConfigurationList = AB5D97AF2C15F3D60017A627 /* Build configuration list for PBXNativeTarget "cmsf.insaf.prod" */;
			buildPhases = (
				AB5D97872C15F3D40017A627 /* Sources */,
				AB5D97882C15F3D40017A627 /* Frameworks */,
				AB5D97892C15F3D40017A627 /* Resources */,
			);
			buildRules = (
			);
			dependencies = (
			);
			name = cmsf.insaf.prod;
			productName = cmsf.insaf.prod;
			productReference = AB5D978B2C15F3D40017A627 /* cmsf.insaf.prod.app */;
			productType = "com.apple.product-type.application";
		};
		AB5D979A2C15F3D60017A627 /* cmsf.insaf.prodTests */ = {
			isa = PBXNativeTarget;
			buildConfigurationList = AB5D97B22C15F3D60017A627 /* Build configuration list for PBXNativeTarget "cmsf.insaf.prodTests" */;
			buildPhases = (
				AB5D97972C15F3D60017A627 /* Sources */,
				AB5D97982C15F3D60017A627 /* Frameworks */,
				AB5D97992C15F3D60017A627 /* Resources */,
			);
			buildRules = (
			);
			dependencies = (
				AB5D979D2C15F3D60017A627 /* PBXTargetDependency */,
			);
			name = cmsf.insaf.prodTests;
			productName = cmsf.insaf.prodTests;
			productReference = AB5D979B2C15F3D60017A627 /* cmsf.insaf.prodTests.xctest */;
			productType = "com.apple.product-type.bundle.unit-test";
		};
		AB5D97A42C15F3D60017A627 /* cmsf.insaf.prodUITests */ = {
			isa = PBXNativeTarget;
			buildConfigurationList = AB5D97B52C15F3D60017A627 /* Build configuration list for PBXNativeTarget "cmsf.insaf.prodUITests" */;
			buildPhases = (
				AB5D97A12C15F3D60017A627 /* Sources */,
				AB5D97A22C15F3D60017A627 /* Frameworks */,
				AB5D97A32C15F3D60017A627 /* Resources */,
			);
			buildRules = (
			);
			dependencies = (
				AB5D97A72C15F3D60017A627 /* PBXTargetDependency */,
			);
			name = cmsf.insaf.prodUITests;
			productName = cmsf.insaf.prodUITests;
			productReference = AB5D97A52C15F3D60017A627 /* cmsf.insaf.prodUITests.xctest */;
			productType = "com.apple.product-type.bundle.ui-testing";
		};
/* End PBXNativeTarget section */

/* Begin PBXProject section */
		AB5D97832C15F3D40017A627 /* Project object */ = {
			isa = PBXProject;
			attributes = {
				BuildIndependentTargetsInParallel = 1;
				LastSwiftUpdateCheck = 1540;
				LastUpgradeCheck = 1540;
				TargetAttributes = {
					AB5D978A2C15F3D40017A627 = {
						CreatedOnToolsVersion = 15.4;
					};
					AB5D979A2C15F3D60017A627 = {
						CreatedOnToolsVersion = 15.4;
						TestTargetID = AB5D978A2C15F3D40017A627;
					};
					AB5D97A42C15F3D60017A627 = {
						CreatedOnToolsVersion = 15.4;
						TestTargetID = AB5D978A2C15F3D40017A627;
					};
				};
			};
			buildConfigurationList = AB5D97862C15F3D40017A627 /* Build configuration list for PBXProject "cmsf.insaf.prod" */;
			compatibilityVersion = "Xcode 14.0";
			developmentRegion = en;
			hasScannedForEncodings = 0;
			knownRegions = (
				en,
				Base,
			);
			mainGroup = AB5D97822C15F3D40017A627;
			productRefGroup = AB5D978C2C15F3D40017A627 /* Products */;
			projectDirPath = "";
			projectRoot = "";
			targets = (
				AB5D978A2C15F3D40017A627 /* cmsf.insaf.prod */,
				AB5D979A2C15F3D60017A627 /* cmsf.insaf.prodTests */,
				AB5D97A42C15F3D60017A627 /* cmsf.insaf.prodUITests */,
			);
		};
/* End PBXProject section */

/* Begin PBXResourcesBuildPhase section */
		AB5D97892C15F3D40017A627 /* Resources */ = {
			isa = PBXResourcesBuildPhase;
			buildActionMask = 2147483647;
			files = (
				AB5D97962C15F3D60017A627 /* Preview Assets.xcassets in Resources */,
				AB5D97932C15F3D60017A627 /* Assets.xcassets in Resources */,
			);
			runOnlyForDeploymentPostprocessing = 0;
		};
		AB5D97992C15F3D60017A627 /* Resources */ = {
			isa = PBXResourcesBuildPhase;
			buildActionMask = 2147483647;
			files = (
			);
			runOnlyForDeploymentPostprocessing = 0;
		};
		AB5D97A32C15F3D60017A627 /* Resources */ = {
			isa = PBXResourcesBuildPhase;
			buildActionMask = 2147483647;
			files = (
			);
			runOnlyForDeploymentPostprocessing = 0;
		};
/* End PBXResourcesBuildPhase section */

/* Begin PBXSourcesBuildPhase section */
		AB5D97872C15F3D40017A627 /* Sources */ = {
			isa = PBXSourcesBuildPhase;
			buildActionMask = 2147483647;
			files = (
				AB5D97912C15F3D40017A627 /* ContentView.swift in Sources */,
				AB5D978F2C15F3D40017A627 /* cmsf_insaf_prodApp.swift in Sources */,
			);
			runOnlyForDeploymentPostprocessing = 0;
		};
		AB5D97972C15F3D60017A627 /* Sources */ = {
			isa = PBXSourcesBuildPhase;
			buildActionMask = 2147483647;
			files = (
				AB5D97A02C15F3D60017A627 /* cmsf_insaf_prodTests.swift in Sources */,
			);
			runOnlyForDeploymentPostprocessing = 0;
		};
		AB5D97A12C15F3D60017A627 /* Sources */ = {
			isa = PBXSourcesBuildPhase;
			buildActionMask = 2147483647;
			files = (
				AB5D97AC2C15F3D60017A627 /* cmsf_insaf_prodUITestsLaunchTests.swift in Sources */,
				AB5D97AA2C15F3D60017A627 /* cmsf_insaf_prodUITests.swift in Sources */,
			);
			runOnlyForDeploymentPostprocessing = 0;
		};
/* End PBXSourcesBuildPhase section */

/* Begin PBXTargetDependency section */
		AB5D979D2C15F3D60017A627 /* PBXTargetDependency */ = {
			isa = PBXTargetDependency;
			target = AB5D978A2C15F3D40017A627 /* cmsf.insaf.prod */;
			targetProxy = AB5D979C2C15F3D60017A627 /* PBXContainerItemProxy */;
		};
		AB5D97A72C15F3D60017A627 /* PBXTargetDependency */ = {
			isa = PBXTargetDependency;
			target = AB5D978A2C15F3D40017A627 /* cmsf.insaf.prod */;
			targetProxy = AB5D97A62C15F3D60017A627 /* PBXContainerItemProxy */;
		};
/* End PBXTargetDependency section */

/* Begin XCBuildConfiguration section */
		AB5D97AD2C15F3D60017A627 /* Debug */ = {
			isa = XCBuildConfiguration;
			buildSettings = {
				ALWAYS_SEARCH_USER_PATHS = NO;
				ASSETCATALOG_COMPILER_GENERATE_SWIFT_ASSET_SYMBOL_EXTENSIONS = YES;
				CLANG_ANALYZER_NONNULL = YES;
				CLANG_ANALYZER_NUMBER_OBJECT_CONVERSION = YES_AGGRESSIVE;
				CLANG_CXX_LANGUAGE_STANDARD = "gnu++20";
				CLANG_ENABLE_MODULES = YES;
				CLANG_ENABLE_OBJC_ARC = YES;
				CLANG_ENABLE_OBJC_WEAK = YES;
				CLANG_WARN_BLOCK_CAPTURE_AUTORELEASING = YES;
				CLANG_WARN_BOOL_CONVERSION = YES;
				CLANG_WARN_COMMA = YES;
				CLANG_WARN_CONSTANT_CONVERSION = YES;
				CLANG_WARN_DEPRECATED_OBJC_IMPLEMENTATIONS = YES;
				CLANG_WARN_DIRECT_OBJC_ISA_USAGE = YES_ERROR;
				CLANG_WARN_DOCUMENTATION_COMMENTS = YES;
				CLANG_WARN_EMPTY_BODY = YES;
				CLANG_WARN_ENUM_CONVERSION = YES;
				CLANG_WARN_INFINITE_RECURSION = YES;
				CLANG_WARN_INT_CONVERSION = YES;
				CLANG_WARN_NON_LITERAL_NULL_CONVERSION = YES;
				CLANG_WARN_OBJC_IMPLICIT_RETAIN_SELF = YES;
				CLANG_WARN_OBJC_LITERAL_CONVERSION = YES;
				CLANG_WARN_OBJC_ROOT_CLASS = YES_ERROR;
				CLANG_WARN_QUOTED_INCLUDE_IN_FRAMEWORK_HEADER = YES;
				CLANG_WARN_RANGE_LOOP_ANALYSIS = YES;
				CLANG_WARN_STRICT_PROTOTYPES = YES;
				CLANG_WARN_SUSPICIOUS_MOVE = YES;
				CLANG_WARN_UNGUARDED_AVAILABILITY = YES_AGGRESSIVE;
				CLANG_WARN_UNREACHABLE_CODE = YES;
				CLANG_WARN__DUPLICATE_METHOD_MATCH = YES;
				COPY_PHASE_STRIP = NO;
				DEBUG_INFORMATION_FORMAT = dwarf;
				ENABLE_STRICT_OBJC_MSGSEND = YES;
				ENABLE_TESTABILITY = YES;
				ENABLE_USER_SCRIPT_SANDBOXING = YES;
				GCC_C_LANGUAGE_STANDARD = gnu17;
				GCC_DYNAMIC_NO_PIC = NO;
				GCC_NO_COMMON_BLOCKS = YES;
				GCC_OPTIMIZATION_LEVEL = 0;
				GCC_PREPROCESSOR_DEFINITIONS = (
					"DEBUG=1",
					"$(inherited)",
				);
				GCC_WARN_64_TO_32_BIT_CONVERSION = YES;
				GCC_WARN_ABOUT_RETURN_TYPE = YES_ERROR;
				GCC_WARN_UNDECLARED_SELECTOR = YES;
				GCC_WARN_UNINITIALIZED_AUTOS = YES_AGGRESSIVE;
				GCC_WARN_UNUSED_FUNCTION = YES;
				GCC_WARN_UNUSED_VARIABLE = YES;
				IPHONEOS_DEPLOYMENT_TARGET = 17.5;
				LOCALIZATION_PREFERS_STRING_CATALOGS = YES;
				MTL_ENABLE_DEBUG_INFO = INCLUDE_SOURCE;
				MTL_FAST_MATH = YES;
				ONLY_ACTIVE_ARCH = YES;
				SDKROOT = iphoneos;
				SWIFT_ACTIVE_COMPILATION_CONDITIONS = "DEBUG $(inherited)";
				SWIFT_OPTIMIZATION_LEVEL = "-Onone";
			};
			name = Debug;
		};
		AB5D97AE2C15F3D60017A627 /* Release */ = {
			isa = XCBuildConfiguration;
			buildSettings = {
				ALWAYS_SEARCH_USER_PATHS = NO;
				ASSETCATALOG_COMPILER_GENERATE_SWIFT_ASSET_SYMBOL_EXTENSIONS = YES;
				CLANG_ANALYZER_NONNULL = YES;
				CLANG_ANALYZER_NUMBER_OBJECT_CONVERSION = YES_AGGRESSIVE;
				CLANG_CXX_LANGUAGE_STANDARD = "gnu++20";
				CLANG_ENABLE_MODULES = YES;
				CLANG_ENABLE_OBJC_ARC = YES;
				CLANG_ENABLE_OBJC_WEAK = YES;
				CLANG_WARN_BLOCK_CAPTURE_AUTORELEASING = YES;
				CLANG_WARN_BOOL_CONVERSION = YES;
				CLANG_WARN_COMMA = YES;
				CLANG_WARN_CONSTANT_CONVERSION = YES;
				CLANG_WARN_DEPRECATED_OBJC_IMPLEMENTATIONS = YES;
				CLANG_WARN_DIRECT_OBJC_ISA_USAGE = YES_ERROR;
				CLANG_WARN_DOCUMENTATION_COMMENTS = YES;
				CLANG_WARN_EMPTY_BODY = YES;
				CLANG_WARN_ENUM_CONVERSION = YES;
				CLANG_WARN_INFINITE_RECURSION = YES;
				CLANG_WARN_INT_CONVERSION = YES;
				CLANG_WARN_NON_LITERAL_NULL_CONVERSION = YES;
				CLANG_WARN_OBJC_IMPLICIT_RETAIN_SELF = YES;
				CLANG_WARN_OBJC_LITERAL_CONVERSION = YES;
				CLANG_WARN_OBJC_ROOT_CLASS = YES_ERROR;
				CLANG_WARN_QUOTED_INCLUDE_IN_FRAMEWORK_HEADER = YES;
				CLANG_WARN_RANGE_LOOP_ANALYSIS = YES;
				CLANG_WARN_STRICT_PROTOTYPES = YES;
				CLANG_WARN_SUSPICIOUS_MOVE = YES;
				CLANG_WARN_UNGUARDED_AVAILABILITY = YES_AGGRESSIVE;
				CLANG_WARN_UNREACHABLE_CODE = YES;
				CLANG_WARN__DUPLICATE_METHOD_MATCH = YES;
				COPY_PHASE_STRIP = NO;
				DEBUG_INFORMATION_FORMAT = "dwarf-with-dsym";
				ENABLE_NS_ASSERTIONS = NO;
				ENABLE_STRICT_OBJC_MSGSEND = YES;
				ENABLE_USER_SCRIPT_SANDBOXING = YES;
				GCC_C_LANGUAGE_STANDARD = gnu17;
				GCC_NO_COMMON_BLOCKS = YES;
				GCC_WARN_64_TO_32_BIT_CONVERSION = YES;
				GCC_WARN_ABOUT_RETURN_TYPE = YES_ERROR;
				GCC_WARN_UNDECLARED_SELECTOR = YES;
				GCC_WARN_UNINITIALIZED_AUTOS = YES_AGGRESSIVE;
				GCC_WARN_UNUSED_FUNCTION = YES;
				GCC_WARN_UNUSED_VARIABLE = YES;
				IPHONEOS_DEPLOYMENT_TARGET = 17.5;
				LOCALIZATION_PREFERS_STRING_CATALOGS = YES;
				MTL_ENABLE_DEBUG_INFO = NO;
				MTL_FAST_MATH = YES;
				SDKROOT = iphoneos;
				SWIFT_COMPILATION_MODE = wholemodule;
				VALIDATE_PRODUCT = YES;
			};
			name = Release;
		};
		AB5D97B02C15F3D60017A627 /* Debug */ = {
			isa = XCBuildConfiguration;
			buildSettings = {
				ASSETCATALOG_COMPILER_APPICON_NAME = AppIcon;
				ASSETCATALOG_COMPILER_GLOBAL_ACCENT_COLOR_NAME = AccentColor;
				CODE_SIGN_ENTITLEMENTS = cmsf.insaf.prod/cmsf.insaf.prod.entitlements;
				CODE_SIGN_STYLE = Automatic;
				CURRENT_PROJECT_VERSION = 1;
				DEVELOPMENT_ASSET_PATHS = "\"cmsf.insaf.prod/Preview Content\"";
				DEVELOPMENT_TEAM = GVFS77CX96;
				ENABLE_PREVIEWS = YES;
				GENERATE_INFOPLIST_FILE = YES;
				INFOPLIST_KEY_UIApplicationSceneManifest_Generation = YES;
				INFOPLIST_KEY_UIApplicationSupportsIndirectInputEvents = YES;
				INFOPLIST_KEY_UILaunchScreen_Generation = YES;
				INFOPLIST_KEY_UISupportedInterfaceOrientations_iPad = "UIInterfaceOrientationPortrait UIInterfaceOrientationPortraitUpsideDown UIInterfaceOrientationLandscapeLeft UIInterfaceOrientationLandscapeRight";
				INFOPLIST_KEY_UISupportedInterfaceOrientations_iPhone = "UIInterfaceOrientationPortrait UIInterfaceOrientationLandscapeLeft UIInterfaceOrientationLandscapeRight";
				LD_RUNPATH_SEARCH_PATHS = (
					"$(inherited)",
					"@executable_path/Frameworks",
				);
				MARKETING_VERSION = 1.0;
				PRODUCT_BUNDLE_IDENTIFIER = "mahammud.ali-cmsfbd.org.cmsf-insaf-prod";
				PRODUCT_NAME = "$(TARGET_NAME)";
				SWIFT_EMIT_LOC_STRINGS = YES;
				SWIFT_VERSION = 5.0;
				TARGETED_DEVICE_FAMILY = "1,2";
			};
			name = Debug;
		};
		AB5D97B12C15F3D60017A627 /* Release */ = {
			isa = XCBuildConfiguration;
			buildSettings = {
				ASSETCATALOG_COMPILER_APPICON_NAME = AppIcon;
				ASSETCATALOG_COMPILER_GLOBAL_ACCENT_COLOR_NAME = AccentColor;
				CODE_SIGN_ENTITLEMENTS = cmsf.insaf.prod/cmsf.insaf.prod.entitlements;
				CODE_SIGN_STYLE = Automatic;
				CURRENT_PROJECT_VERSION = 1;
				DEVELOPMENT_ASSET_PATHS = "\"cmsf.insaf.prod/Preview Content\"";
				DEVELOPMENT_TEAM = GVFS77CX96;
				ENABLE_PREVIEWS = YES;
				GENERATE_INFOPLIST_FILE = YES;
				INFOPLIST_KEY_UIApplicationSceneManifest_Generation = YES;
				INFOPLIST_KEY_UIApplicationSupportsIndirectInputEvents = YES;
				INFOPLIST_KEY_UILaunchScreen_Generation = YES;
				INFOPLIST_KEY_UISupportedInterfaceOrientations_iPad = "UIInterfaceOrientationPortrait UIInterfaceOrientationPortraitUpsideDown UIInterfaceOrientationLandscapeLeft UIInterfaceOrientationLandscapeRight";
				INFOPLIST_KEY_UISupportedInterfaceOrientations_iPhone = "UIInterfaceOrientationPortrait UIInterfaceOrientationLandscapeLeft UIInterfaceOrientationLandscapeRight";
				LD_RUNPATH_SEARCH_PATHS = (
					"$(inherited)",
					"@executable_path/Frameworks",
				);
				MARKETING_VERSION = 1.0;
				PRODUCT_BUNDLE_IDENTIFIER = "mahammud.ali-cmsfbd.org.cmsf-insaf-prod";
				PRODUCT_NAME = "$(TARGET_NAME)";
				SWIFT_EMIT_LOC_STRINGS = YES;
				SWIFT_VERSION = 5.0;
				TARGETED_DEVICE_FAMILY = "1,2";
			};
			name = Release;
		};
		AB5D97B32C15F3D60017A627 /* Debug */ = {
			isa = XCBuildConfiguration;
			buildSettings = {
				ALWAYS_EMBED_SWIFT_STANDARD_LIBRARIES = YES;
				BUNDLE_LOADER = "$(TEST_HOST)";
				CODE_SIGN_STYLE = Automatic;
				CURRENT_PROJECT_VERSION = 1;
				DEVELOPMENT_TEAM = GVFS77CX96;
				GENERATE_INFOPLIST_FILE = YES;
				IPHONEOS_DEPLOYMENT_TARGET = 17.5;
				MARKETING_VERSION = 1.0;
				PRODUCT_BUNDLE_IDENTIFIER = "mahammud.ali-cmsfbd.org.cmsf-insaf-prodTests";
				PRODUCT_NAME = "$(TARGET_NAME)";
				SWIFT_EMIT_LOC_STRINGS = NO;
				SWIFT_VERSION = 5.0;
				TARGETED_DEVICE_FAMILY = "1,2";
				TEST_HOST = "$(BUILT_PRODUCTS_DIR)/cmsf.insaf.prod.app/$(BUNDLE_EXECUTABLE_FOLDER_PATH)/cmsf.insaf.prod";
			};
			name = Debug;
		};
		AB5D97B42C15F3D60017A627 /* Release */ = {
			isa = XCBuildConfiguration;
			buildSettings = {
				ALWAYS_EMBED_SWIFT_STANDARD_LIBRARIES = YES;
				BUNDLE_LOADER = "$(TEST_HOST)";
				CODE_SIGN_STYLE = Automatic;
				CURRENT_PROJECT_VERSION = 1;
				DEVELOPMENT_TEAM = GVFS77CX96;
				GENERATE_INFOPLIST_FILE = YES;
				IPHONEOS_DEPLOYMENT_TARGET = 17.5;
				MARKETING_VERSION = 1.0;
				PRODUCT_BUNDLE_IDENTIFIER = "mahammud.ali-cmsfbd.org.cmsf-insaf-prodTests";
				PRODUCT_NAME = "$(TARGET_NAME)";
				SWIFT_EMIT_LOC_STRINGS = NO;
				SWIFT_VERSION = 5.0;
				TARGETED_DEVICE_FAMILY = "1,2";
				TEST_HOST = "$(BUILT_PRODUCTS_DIR)/cmsf.insaf.prod.app/$(BUNDLE_EXECUTABLE_FOLDER_PATH)/cmsf.insaf.prod";
			};
			name = Release;
		};
		AB5D97B62C15F3D60017A627 /* Debug */ = {
			isa = XCBuildConfiguration;
			buildSettings = {
				ALWAYS_EMBED_SWIFT_STANDARD_LIBRARIES = YES;
				CODE_SIGN_STYLE = Automatic;
				CURRENT_PROJECT_VERSION = 1;
				DEVELOPMENT_TEAM = GVFS77CX96;
				GENERATE_INFOPLIST_FILE = YES;
				MARKETING_VERSION = 1.0;
				PRODUCT_BUNDLE_IDENTIFIER = "mahammud.ali-cmsfbd.org.cmsf-insaf-prodUITests";
				PRODUCT_NAME = "$(TARGET_NAME)";
				SWIFT_EMIT_LOC_STRINGS = NO;
				SWIFT_VERSION = 5.0;
				TARGETED_DEVICE_FAMILY = "1,2";
				TEST_TARGET_NAME = cmsf.insaf.prod;
			};
			name = Debug;
		};
		AB5D97B72C15F3D60017A627 /* Release */ = {
			isa = XCBuildConfiguration;
			buildSettings = {
				ALWAYS_EMBED_SWIFT_STANDARD_LIBRARIES = YES;
				CODE_SIGN_STYLE = Automatic;
				CURRENT_PROJECT_VERSION = 1;
				DEVELOPMENT_TEAM = GVFS77CX96;
				GENERATE_INFOPLIST_FILE = YES;
				MARKETING_VERSION = 1.0;
				PRODUCT_BUNDLE_IDENTIFIER = "mahammud.ali-cmsfbd.org.cmsf-insaf-prodUITests";
				PRODUCT_NAME = "$(TARGET_NAME)";
				SWIFT_EMIT_LOC_STRINGS = NO;
				SWIFT_VERSION = 5.0;
				TARGETED_DEVICE_FAMILY = "1,2";
				TEST_TARGET_NAME = cmsf.insaf.prod;
			};
			name = Release;
		};
/* End XCBuildConfiguration section */

/* Begin XCConfigurationList section */
		AB5D97862C15F3D40017A627 /* Build configuration list for PBXProject "cmsf.insaf.prod" */ = {
			isa = XCConfigurationList;
			buildConfigurations = (
				AB5D97AD2C15F3D60017A627 /* Debug */,
				AB5D97AE2C15F3D60017A627 /* Release */,
			);
			defaultConfigurationIsVisible = 0;
			defaultConfigurationName = Release;
		};
		AB5D97AF2C15F3D60017A627 /* Build configuration list for PBXNativeTarget "cmsf.insaf.prod" */ = {
			isa = XCConfigurationList;
			buildConfigurations = (
				AB5D97B02C15F3D60017A627 /* Debug */,
				AB5D97B12C15F3D60017A627 /* Release */,
			);
			defaultConfigurationIsVisible = 0;
			defaultConfigurationName = Release;
		};
		AB5D97B22C15F3D60017A627 /* Build configuration list for PBXNativeTarget "cmsf.insaf.prodTests" */ = {
			isa = XCConfigurationList;
			buildConfigurations = (
				AB5D97B32C15F3D60017A627 /* Debug */,
				AB5D97B42C15F3D60017A627 /* Release */,
			);
			defaultConfigurationIsVisible = 0;
			defaultConfigurationName = Release;
		};
		AB5D97B52C15F3D60017A627 /* Build configuration list for PBXNativeTarget "cmsf.insaf.prodUITests" */ = {
			isa = XCConfigurationList;
			buildConfigurations = (
				AB5D97B62C15F3D60017A627 /* Debug */,
				AB5D97B72C15F3D60017A627 /* Release */,
			);
			defaultConfigurationIsVisible = 0;
			defaultConfigurationName = Release;
		};
/* End XCConfigurationList section */
	};
	rootObject = AB5D97832C15F3D40017A627 /* Project object */;
}
